// !$*UTF8*$!
{
	archiveVersion = 1;
	classes = {
	};
	objectVersion = 56;
	objects = {

/* Begin PBXBuildFile section */
		8778B352F1D61EF87651A20C /* Pods_BankProject.framework in Frameworks */ = {isa = PBXBuildFile; fileRef = 3F0991866A7AC966758F9C3A /* Pods_BankProject.framework */; };
		A48265D91B7B6F7271007D1A /* Pods_BankProjectTests.framework in Frameworks */ = {isa = PBXBuildFile; fileRef = 157C5764588E461936F62AE4 /* Pods_BankProjectTests.framework */; };
		CC57A01629E0C18200714B1E /* AppDelegate.swift in Sources */ = {isa = PBXBuildFile; fileRef = CC57A01529E0C18200714B1E /* AppDelegate.swift */; };
		CC57A01829E0C18200714B1E /* SceneDelegate.swift in Sources */ = {isa = PBXBuildFile; fileRef = CC57A01729E0C18200714B1E /* SceneDelegate.swift */; };
		CC57A01A29E0C18200714B1E /* ViewController.swift in Sources */ = {isa = PBXBuildFile; fileRef = CC57A01929E0C18200714B1E /* ViewController.swift */; };
		CC57A01D29E0C18200714B1E /* Main.storyboard in Resources */ = {isa = PBXBuildFile; fileRef = CC57A01B29E0C18200714B1E /* Main.storyboard */; };
		CC57A01F29E0C18300714B1E /* Assets.xcassets in Resources */ = {isa = PBXBuildFile; fileRef = CC57A01E29E0C18300714B1E /* Assets.xcassets */; };
		CC57A02229E0C18300714B1E /* LaunchScreen.storyboard in Resources */ = {isa = PBXBuildFile; fileRef = CC57A02029E0C18300714B1E /* LaunchScreen.storyboard */; };
		CC57A02D29E0C18300714B1E /* BankProjectTests.swift in Sources */ = {isa = PBXBuildFile; fileRef = CC57A02C29E0C18300714B1E /* BankProjectTests.swift */; };
		CC57A03729E0C18300714B1E /* BankProjectUITests.swift in Sources */ = {isa = PBXBuildFile; fileRef = CC57A03629E0C18300714B1E /* BankProjectUITests.swift */; };
		CC57A03929E0C18300714B1E /* BankProjectUITestsLaunchTests.swift in Sources */ = {isa = PBXBuildFile; fileRef = CC57A03829E0C18300714B1E /* BankProjectUITestsLaunchTests.swift */; };
		CCB55CB04A117D7D2B00282D /* Pods_BankProject_BankProjectUITests.framework in Frameworks */ = {isa = PBXBuildFile; fileRef = B979909EDA86DA34091B38B7 /* Pods_BankProject_BankProjectUITests.framework */; };
/* End PBXBuildFile section */

/* Begin PBXContainerItemProxy section */
		CC57A02929E0C18300714B1E /* PBXContainerItemProxy */ = {
			isa = PBXContainerItemProxy;
			containerPortal = CC57A00A29E0C18200714B1E /* Project object */;
			proxyType = 1;
			remoteGlobalIDString = CC57A01129E0C18200714B1E;
			remoteInfo = BankProject;
		};
		CC57A03329E0C18300714B1E /* PBXContainerItemProxy */ = {
			isa = PBXContainerItemProxy;
			containerPortal = CC57A00A29E0C18200714B1E /* Project object */;
			proxyType = 1;
			remoteGlobalIDString = CC57A01129E0C18200714B1E;
			remoteInfo = BankProject;
		};
/* End PBXContainerItemProxy section */

/* Begin PBXFileReference section */
		157C5764588E461936F62AE4 /* Pods_BankProjectTests.framework */ = {isa = PBXFileReference; explicitFileType = wrapper.framework; includeInIndex = 0; path = Pods_BankProjectTests.framework; sourceTree = BUILT_PRODUCTS_DIR; };
		3F0991866A7AC966758F9C3A /* Pods_BankProject.framework */ = {isa = PBXFileReference; explicitFileType = wrapper.framework; includeInIndex = 0; path = Pods_BankProject.framework; sourceTree = BUILT_PRODUCTS_DIR; };
		45999EE4343A0BF8E88DEEC9 /* Pods-BankProject-BankProjectUITests.release.xcconfig */ = {isa = PBXFileReference; includeInIndex = 1; lastKnownFileType = text.xcconfig; name = "Pods-BankProject-BankProjectUITests.release.xcconfig"; path = "Target Support Files/Pods-BankProject-BankProjectUITests/Pods-BankProject-BankProjectUITests.release.xcconfig"; sourceTree = "<group>"; };
		6B702A8D1D1980C31186AB24 /* Pods-BankProject.release.xcconfig */ = {isa = PBXFileReference; includeInIndex = 1; lastKnownFileType = text.xcconfig; name = "Pods-BankProject.release.xcconfig"; path = "Target Support Files/Pods-BankProject/Pods-BankProject.release.xcconfig"; sourceTree = "<group>"; };
		7C8DFFD14F36902015C1CB00 /* Pods-BankProject.debug.xcconfig */ = {isa = PBXFileReference; includeInIndex = 1; lastKnownFileType = text.xcconfig; name = "Pods-BankProject.debug.xcconfig"; path = "Target Support Files/Pods-BankProject/Pods-BankProject.debug.xcconfig"; sourceTree = "<group>"; };
		99F5410FCF34C42594BA5175 /* Pods-BankProject-BankProjectUITests.debug.xcconfig */ = {isa = PBXFileReference; includeInIndex = 1; lastKnownFileType = text.xcconfig; name = "Pods-BankProject-BankProjectUITests.debug.xcconfig"; path = "Target Support Files/Pods-BankProject-BankProjectUITests/Pods-BankProject-BankProjectUITests.debug.xcconfig"; sourceTree = "<group>"; };
		AE80444AF799BD40F2B7AFBA /* Pods-BankProjectTests.release.xcconfig */ = {isa = PBXFileReference; includeInIndex = 1; lastKnownFileType = text.xcconfig; name = "Pods-BankProjectTests.release.xcconfig"; path = "Target Support Files/Pods-BankProjectTests/Pods-BankProjectTests.release.xcconfig"; sourceTree = "<group>"; };
		B979909EDA86DA34091B38B7 /* Pods_BankProject_BankProjectUITests.framework */ = {isa = PBXFileReference; explicitFileType = wrapper.framework; includeInIndex = 0; path = Pods_BankProject_BankProjectUITests.framework; sourceTree = BUILT_PRODUCTS_DIR; };
		CC57A01229E0C18200714B1E /* BankProject.app */ = {isa = PBXFileReference; explicitFileType = wrapper.application; includeInIndex = 0; path = BankProject.app; sourceTree = BUILT_PRODUCTS_DIR; };
		CC57A01529E0C18200714B1E /* AppDelegate.swift */ = {isa = PBXFileReference; lastKnownFileType = sourcecode.swift; path = AppDelegate.swift; sourceTree = "<group>"; };
		CC57A01729E0C18200714B1E /* SceneDelegate.swift */ = {isa = PBXFileReference; lastKnownFileType = sourcecode.swift; path = SceneDelegate.swift; sourceTree = "<group>"; };
		CC57A01929E0C18200714B1E /* ViewController.swift */ = {isa = PBXFileReference; lastKnownFileType = sourcecode.swift; path = ViewController.swift; sourceTree = "<group>"; };
		CC57A01C29E0C18200714B1E /* Base */ = {isa = PBXFileReference; lastKnownFileType = file.storyboard; name = Base; path = Base.lproj/Main.storyboard; sourceTree = "<group>"; };
		CC57A01E29E0C18300714B1E /* Assets.xcassets */ = {isa = PBXFileReference; lastKnownFileType = folder.assetcatalog; path = Assets.xcassets; sourceTree = "<group>"; };
		CC57A02129E0C18300714B1E /* Base */ = {isa = PBXFileReference; lastKnownFileType = file.storyboard; name = Base; path = Base.lproj/LaunchScreen.storyboard; sourceTree = "<group>"; };
		CC57A02329E0C18300714B1E /* Info.plist */ = {isa = PBXFileReference; lastKnownFileType = text.plist.xml; path = Info.plist; sourceTree = "<group>"; };
		CC57A02829E0C18300714B1E /* BankProjectTests.xctest */ = {isa = PBXFileReference; explicitFileType = wrapper.cfbundle; includeInIndex = 0; path = BankProjectTests.xctest; sourceTree = BUILT_PRODUCTS_DIR; };
		CC57A02C29E0C18300714B1E /* BankProjectTests.swift */ = {isa = PBXFileReference; lastKnownFileType = sourcecode.swift; path = BankProjectTests.swift; sourceTree = "<group>"; };
		CC57A03229E0C18300714B1E /* BankProjectUITests.xctest */ = {isa = PBXFileReference; explicitFileType = wrapper.cfbundle; includeInIndex = 0; path = BankProjectUITests.xctest; sourceTree = BUILT_PRODUCTS_DIR; };
		CC57A03629E0C18300714B1E /* BankProjectUITests.swift */ = {isa = PBXFileReference; lastKnownFileType = sourcecode.swift; path = BankProjectUITests.swift; sourceTree = "<group>"; };
		CC57A03829E0C18300714B1E /* BankProjectUITestsLaunchTests.swift */ = {isa = PBXFileReference; lastKnownFileType = sourcecode.swift; path = BankProjectUITestsLaunchTests.swift; sourceTree = "<group>"; };
		CCDADF3F29E1C24B004E358A /* Jenkinsfile.md */ = {isa = PBXFileReference; lastKnownFileType = net.daringfireball.markdown; path = Jenkinsfile.md; sourceTree = "<group>"; };
		FCFDD5B51ADDD4425EB7F1A7 /* Pods-BankProjectTests.debug.xcconfig */ = {isa = PBXFileReference; includeInIndex = 1; lastKnownFileType = text.xcconfig; name = "Pods-BankProjectTests.debug.xcconfig"; path = "Target Support Files/Pods-BankProjectTests/Pods-BankProjectTests.debug.xcconfig"; sourceTree = "<group>"; };
/* End PBXFileReference section */

/* Begin PBXFrameworksBuildPhase section */
		CC57A00F29E0C18200714B1E /* Frameworks */ = {
			isa = PBXFrameworksBuildPhase;
			buildActionMask = 2147483647;
			files = (
				8778B352F1D61EF87651A20C /* Pods_BankProject.framework in Frameworks */,
			);
			runOnlyForDeploymentPostprocessing = 0;
		};
		CC57A02529E0C18300714B1E /* Frameworks */ = {
			isa = PBXFrameworksBuildPhase;
			buildActionMask = 2147483647;
			files = (
				A48265D91B7B6F7271007D1A /* Pods_BankProjectTests.framework in Frameworks */,
			);
			runOnlyForDeploymentPostprocessing = 0;
		};
		CC57A02F29E0C18300714B1E /* Frameworks */ = {
			isa = PBXFrameworksBuildPhase;
			buildActionMask = 2147483647;
			files = (
				CCB55CB04A117D7D2B00282D /* Pods_BankProject_BankProjectUITests.framework in Frameworks */,
			);
			runOnlyForDeploymentPostprocessing = 0;
		};
/* End PBXFrameworksBuildPhase section */

/* Begin PBXGroup section */
		0C90F2C148709F289D29553A /* Frameworks */ = {
			isa = PBXGroup;
			children = (
				3F0991866A7AC966758F9C3A /* Pods_BankProject.framework */,
				B979909EDA86DA34091B38B7 /* Pods_BankProject_BankProjectUITests.framework */,
				157C5764588E461936F62AE4 /* Pods_BankProjectTests.framework */,
			);
			name = Frameworks;
			sourceTree = "<group>";
		};
		5283D21BAB70D9712A294726 /* Pods */ = {
			isa = PBXGroup;
			children = (
				7C8DFFD14F36902015C1CB00 /* Pods-BankProject.debug.xcconfig */,
				6B702A8D1D1980C31186AB24 /* Pods-BankProject.release.xcconfig */,
				99F5410FCF34C42594BA5175 /* Pods-BankProject-BankProjectUITests.debug.xcconfig */,
				45999EE4343A0BF8E88DEEC9 /* Pods-BankProject-BankProjectUITests.release.xcconfig */,
				FCFDD5B51ADDD4425EB7F1A7 /* Pods-BankProjectTests.debug.xcconfig */,
				AE80444AF799BD40F2B7AFBA /* Pods-BankProjectTests.release.xcconfig */,
			);
			path = Pods;
			sourceTree = "<group>";
		};
		CC57A00929E0C18200714B1E = {
			isa = PBXGroup;
			children = (
				CC57A01429E0C18200714B1E /* BankProject */,
				CC57A02B29E0C18300714B1E /* BankProjectTests */,
				CC57A03529E0C18300714B1E /* BankProjectUITests */,
				CC57A01329E0C18200714B1E /* Products */,
				5283D21BAB70D9712A294726 /* Pods */,
				0C90F2C148709F289D29553A /* Frameworks */,
			);
			sourceTree = "<group>";
		};
		CC57A01329E0C18200714B1E /* Products */ = {
			isa = PBXGroup;
			children = (
				CC57A01229E0C18200714B1E /* BankProject.app */,
				CC57A02829E0C18300714B1E /* BankProjectTests.xctest */,
				CC57A03229E0C18300714B1E /* BankProjectUITests.xctest */,
			);
			name = Products;
			sourceTree = "<group>";
		};
		CC57A01429E0C18200714B1E /* BankProject */ = {
			isa = PBXGroup;
			children = (
				CC57A01529E0C18200714B1E /* AppDelegate.swift */,
				CC57A01729E0C18200714B1E /* SceneDelegate.swift */,
				CC57A01929E0C18200714B1E /* ViewController.swift */,
				CC57A01B29E0C18200714B1E /* Main.storyboard */,
				CC57A01E29E0C18300714B1E /* Assets.xcassets */,
				CC57A02029E0C18300714B1E /* LaunchScreen.storyboard */,
				CC57A02329E0C18300714B1E /* Info.plist */,
				CCDADF3F29E1C24B004E358A /* Jenkinsfile.md */,
			);
			path = BankProject;
			sourceTree = "<group>";
		};
		CC57A02B29E0C18300714B1E /* BankProjectTests */ = {
			isa = PBXGroup;
			children = (
				CC57A02C29E0C18300714B1E /* BankProjectTests.swift */,
			);
			path = BankProjectTests;
			sourceTree = "<group>";
		};
		CC57A03529E0C18300714B1E /* BankProjectUITests */ = {
			isa = PBXGroup;
			children = (
				CC57A03629E0C18300714B1E /* BankProjectUITests.swift */,
				CC57A03829E0C18300714B1E /* BankProjectUITestsLaunchTests.swift */,
			);
			path = BankProjectUITests;
			sourceTree = "<group>";
		};
/* End PBXGroup section */

/* Begin PBXNativeTarget section */
		CC57A01129E0C18200714B1E /* BankProject */ = {
			isa = PBXNativeTarget;
			buildConfigurationList = CC57A03C29E0C18300714B1E /* Build configuration list for PBXNativeTarget "BankProject" */;
			buildPhases = (
				5C172F97199F5037A486A323 /* [CP] Check Pods Manifest.lock */,
				CC57A00E29E0C18200714B1E /* Sources */,
				CC57A00F29E0C18200714B1E /* Frameworks */,
				CC57A01029E0C18200714B1E /* Resources */,
			);
			buildRules = (
			);
			dependencies = (
			);
			name = BankProject;
			productName = BankProject;
			productReference = CC57A01229E0C18200714B1E /* BankProject.app */;
			productType = "com.apple.product-type.application";
		};
		CC57A02729E0C18300714B1E /* BankProjectTests */ = {
			isa = PBXNativeTarget;
			buildConfigurationList = CC57A03F29E0C18300714B1E /* Build configuration list for PBXNativeTarget "BankProjectTests" */;
			buildPhases = (
				BF640AF90CCA5129815FC60C /* [CP] Check Pods Manifest.lock */,
				CC57A02429E0C18300714B1E /* Sources */,
				CC57A02529E0C18300714B1E /* Frameworks */,
				CC57A02629E0C18300714B1E /* Resources */,
			);
			buildRules = (
			);
			dependencies = (
				CC57A02A29E0C18300714B1E /* PBXTargetDependency */,
			);
			name = BankProjectTests;
			productName = BankProjectTests;
			productReference = CC57A02829E0C18300714B1E /* BankProjectTests.xctest */;
			productType = "com.apple.product-type.bundle.unit-test";
		};
		CC57A03129E0C18300714B1E /* BankProjectUITests */ = {
			isa = PBXNativeTarget;
			buildConfigurationList = CC57A04229E0C18300714B1E /* Build configuration list for PBXNativeTarget "BankProjectUITests" */;
			buildPhases = (
				52484F21862F587F0D69EB58 /* [CP] Check Pods Manifest.lock */,
				CC57A02E29E0C18300714B1E /* Sources */,
				CC57A02F29E0C18300714B1E /* Frameworks */,
				CC57A03029E0C18300714B1E /* Resources */,
			);
			buildRules = (
			);
			dependencies = (
				CC57A03429E0C18300714B1E /* PBXTargetDependency */,
			);
			name = BankProjectUITests;
			productName = BankProjectUITests;
			productReference = CC57A03229E0C18300714B1E /* BankProjectUITests.xctest */;
			productType = "com.apple.product-type.bundle.ui-testing";
		};
/* End PBXNativeTarget section */

/* Begin PBXProject section */
		CC57A00A29E0C18200714B1E /* Project object */ = {
			isa = PBXProject;
			attributes = {
				BuildIndependentTargetsInParallel = 1;
				LastSwiftUpdateCheck = 1430;
				LastUpgradeCheck = 1430;
				TargetAttributes = {
					CC57A01129E0C18200714B1E = {
						CreatedOnToolsVersion = 14.3;
					};
					CC57A02729E0C18300714B1E = {
						CreatedOnToolsVersion = 14.3;
						TestTargetID = CC57A01129E0C18200714B1E;
					};
					CC57A03129E0C18300714B1E = {
						CreatedOnToolsVersion = 14.3;
						TestTargetID = CC57A01129E0C18200714B1E;
					};
				};
			};
			buildConfigurationList = CC57A00D29E0C18200714B1E /* Build configuration list for PBXProject "BankProject" */;
			compatibilityVersion = "Xcode 14.0";
			developmentRegion = en;
			hasScannedForEncodings = 0;
			knownRegions = (
				en,
				Base,
			);
			mainGroup = CC57A00929E0C18200714B1E;
			productRefGroup = CC57A01329E0C18200714B1E /* Products */;
			projectDirPath = "";
			projectRoot = "";
			targets = (
				CC57A01129E0C18200714B1E /* BankProject */,
				CC57A02729E0C18300714B1E /* BankProjectTests */,
				CC57A03129E0C18300714B1E /* BankProjectUITests */,
			);
		};
/* End PBXProject section */

/* Begin PBXResourcesBuildPhase section */
		CC57A01029E0C18200714B1E /* Resources */ = {
			isa = PBXResourcesBuildPhase;
			buildActionMask = 2147483647;
			files = (
				CC57A02229E0C18300714B1E /* LaunchScreen.storyboard in Resources */,
				CC57A01F29E0C18300714B1E /* Assets.xcassets in Resources */,
				CC57A01D29E0C18200714B1E /* Main.storyboard in Resources */,
			);
			runOnlyForDeploymentPostprocessing = 0;
		};
		CC57A02629E0C18300714B1E /* Resources */ = {
			isa = PBXResourcesBuildPhase;
			buildActionMask = 2147483647;
			files = (
			);
			runOnlyForDeploymentPostprocessing = 0;
		};
		CC57A03029E0C18300714B1E /* Resources */ = {
			isa = PBXResourcesBuildPhase;
			buildActionMask = 2147483647;
			files = (
			);
			runOnlyForDeploymentPostprocessing = 0;
		};
/* End PBXResourcesBuildPhase section */

/* Begin PBXShellScriptBuildPhase section */
		52484F21862F587F0D69EB58 /* [CP] Check Pods Manifest.lock */ = {
			isa = PBXShellScriptBuildPhase;
			buildActionMask = 2147483647;
			files = (
			);
			inputFileListPaths = (
			);
			inputPaths = (
				"${PODS_PODFILE_DIR_PATH}/Podfile.lock",
				"${PODS_ROOT}/Manifest.lock",
			);
			name = "[CP] Check Pods Manifest.lock";
			outputFileListPaths = (
			);
			outputPaths = (
				"$(DERIVED_FILE_DIR)/Pods-BankProject-BankProjectUITests-checkManifestLockResult.txt",
			);
			runOnlyForDeploymentPostprocessing = 0;
			shellPath = /bin/sh;
			shellScript = "diff \"${PODS_PODFILE_DIR_PATH}/Podfile.lock\" \"${PODS_ROOT}/Manifest.lock\" > /dev/null\nif [ $? != 0 ] ; then\n    # print error to STDERR\n    echo \"error: The sandbox is not in sync with the Podfile.lock. Run 'pod install' or update your CocoaPods installation.\" >&2\n    exit 1\nfi\n# This output is used by Xcode 'outputs' to avoid re-running this script phase.\necho \"SUCCESS\" > \"${SCRIPT_OUTPUT_FILE_0}\"\n";
			showEnvVarsInLog = 0;
		};
		5C172F97199F5037A486A323 /* [CP] Check Pods Manifest.lock */ = {
			isa = PBXShellScriptBuildPhase;
			buildActionMask = 2147483647;
			files = (
			);
			inputFileListPaths = (
			);
			inputPaths = (
				"${PODS_PODFILE_DIR_PATH}/Podfile.lock",
				"${PODS_ROOT}/Manifest.lock",
			);
			name = "[CP] Check Pods Manifest.lock";
			outputFileListPaths = (
			);
			outputPaths = (
				"$(DERIVED_FILE_DIR)/Pods-BankProject-checkManifestLockResult.txt",
			);
			runOnlyForDeploymentPostprocessing = 0;
			shellPath = /bin/sh;
			shellScript = "diff \"${PODS_PODFILE_DIR_PATH}/Podfile.lock\" \"${PODS_ROOT}/Manifest.lock\" > /dev/null\nif [ $? != 0 ] ; then\n    # print error to STDERR\n    echo \"error: The sandbox is not in sync with the Podfile.lock. Run 'pod install' or update your CocoaPods installation.\" >&2\n    exit 1\nfi\n# This output is used by Xcode 'outputs' to avoid re-running this script phase.\necho \"SUCCESS\" > \"${SCRIPT_OUTPUT_FILE_0}\"\n";
			showEnvVarsInLog = 0;
		};
		BF640AF90CCA5129815FC60C /* [CP] Check Pods Manifest.lock */ = {
			isa = PBXShellScriptBuildPhase;
			buildActionMask = 2147483647;
			files = (
			);
			inputFileListPaths = (
			);
			inputPaths = (
				"${PODS_PODFILE_DIR_PATH}/Podfile.lock",
				"${PODS_ROOT}/Manifest.lock",
			);
			name = "[CP] Check Pods Manifest.lock";
			outputFileListPaths = (
			);
			outputPaths = (
				"$(DERIVED_FILE_DIR)/Pods-BankProjectTests-checkManifestLockResult.txt",
			);
			runOnlyForDeploymentPostprocessing = 0;
			shellPath = /bin/sh;
			shellScript = "diff \"${PODS_PODFILE_DIR_PATH}/Podfile.lock\" \"${PODS_ROOT}/Manifest.lock\" > /dev/null\nif [ $? != 0 ] ; then\n    # print error to STDERR\n    echo \"error: The sandbox is not in sync with the Podfile.lock. Run 'pod install' or update your CocoaPods installation.\" >&2\n    exit 1\nfi\n# This output is used by Xcode 'outputs' to avoid re-running this script phase.\necho \"SUCCESS\" > \"${SCRIPT_OUTPUT_FILE_0}\"\n";
			showEnvVarsInLog = 0;
		};
/* End PBXShellScriptBuildPhase section */

/* Begin PBXSourcesBuildPhase section */
		CC57A00E29E0C18200714B1E /* Sources */ = {
			isa = PBXSourcesBuildPhase;
			buildActionMask = 2147483647;
			files = (
				CC57A01A29E0C18200714B1E /* ViewController.swift in Sources */,
				CC57A01629E0C18200714B1E /* AppDelegate.swift in Sources */,
				CC57A01829E0C18200714B1E /* SceneDelegate.swift in Sources */,
			);
			runOnlyForDeploymentPostprocessing = 0;
		};
		CC57A02429E0C18300714B1E /* Sources */ = {
			isa = PBXSourcesBuildPhase;
			buildActionMask = 2147483647;
			files = (
				CC57A02D29E0C18300714B1E /* BankProjectTests.swift in Sources */,
			);
			runOnlyForDeploymentPostprocessing = 0;
		};
		CC57A02E29E0C18300714B1E /* Sources */ = {
			isa = PBXSourcesBuildPhase;
			buildActionMask = 2147483647;
			files = (
				CC57A03929E0C18300714B1E /* BankProjectUITestsLaunchTests.swift in Sources */,
				CC57A03729E0C18300714B1E /* BankProjectUITests.swift in Sources */,
			);
			runOnlyForDeploymentPostprocessing = 0;
		};
/* End PBXSourcesBuildPhase section */

/* Begin PBXTargetDependency section */
		CC57A02A29E0C18300714B1E /* PBXTargetDependency */ = {
			isa = PBXTargetDependency;
			target = CC57A01129E0C18200714B1E /* BankProject */;
			targetProxy = CC57A02929E0C18300714B1E /* PBXContainerItemProxy */;
		};
		CC57A03429E0C18300714B1E /* PBXTargetDependency */ = {
			isa = PBXTargetDependency;
			target = CC57A01129E0C18200714B1E /* BankProject */;
			targetProxy = CC57A03329E0C18300714B1E /* PBXContainerItemProxy */;
		};
/* End PBXTargetDependency section */

/* Begin PBXVariantGroup section */
		CC57A01B29E0C18200714B1E /* Main.storyboard */ = {
			isa = PBXVariantGroup;
			children = (
				CC57A01C29E0C18200714B1E /* Base */,
			);
			name = Main.storyboard;
			sourceTree = "<group>";
		};
		CC57A02029E0C18300714B1E /* LaunchScreen.storyboard */ = {
			isa = PBXVariantGroup;
			children = (
				CC57A02129E0C18300714B1E /* Base */,
			);
			name = LaunchScreen.storyboard;
			sourceTree = "<group>";
		};
/* End PBXVariantGroup section */

/* Begin XCBuildConfiguration section */
		CC57A03A29E0C18300714B1E /* Debug */ = {
			isa = XCBuildConfiguration;
			buildSettings = {
				ALWAYS_SEARCH_USER_PATHS = NO;
				CLANG_ANALYZER_NONNULL = YES;
				CLANG_ANALYZER_NUMBER_OBJECT_CONVERSION = YES_AGGRESSIVE;
				CLANG_CXX_LANGUAGE_STANDARD = "gnu++20";
				CLANG_ENABLE_MODULES = YES;
				CLANG_ENABLE_OBJC_ARC = YES;
				CLANG_ENABLE_OBJC_WEAK = YES;
				CLANG_WARN_BLOCK_CAPTURE_AUTORELEASING = YES;
				CLANG_WARN_BOOL_CONVERSION = YES;
				CLANG_WARN_COMMA = YES;
				CLANG_WARN_CONSTANT_CONVERSION = YES;
				CLANG_WARN_DEPRECATED_OBJC_IMPLEMENTATIONS = YES;
				CLANG_WARN_DIRECT_OBJC_ISA_USAGE = YES_ERROR;
				CLANG_WARN_DOCUMENTATION_COMMENTS = YES;
				CLANG_WARN_EMPTY_BODY = YES;
				CLANG_WARN_ENUM_CONVERSION = YES;
				CLANG_WARN_INFINITE_RECURSION = YES;
				CLANG_WARN_INT_CONVERSION = YES;
				CLANG_WARN_NON_LITERAL_NULL_CONVERSION = YES;
				CLANG_WARN_OBJC_IMPLICIT_RETAIN_SELF = YES;
				CLANG_WARN_OBJC_LITERAL_CONVERSION = YES;
				CLANG_WARN_OBJC_ROOT_CLASS = YES_ERROR;
				CLANG_WARN_QUOTED_INCLUDE_IN_FRAMEWORK_HEADER = YES;
				CLANG_WARN_RANGE_LOOP_ANALYSIS = YES;
				CLANG_WARN_STRICT_PROTOTYPES = YES;
				CLANG_WARN_SUSPICIOUS_MOVE = YES;
				CLANG_WARN_UNGUARDED_AVAILABILITY = YES_AGGRESSIVE;
				CLANG_WARN_UNREACHABLE_CODE = YES;
				CLANG_WARN__DUPLICATE_METHOD_MATCH = YES;
				COPY_PHASE_STRIP = NO;
				DEBUG_INFORMATION_FORMAT = dwarf;
				ENABLE_STRICT_OBJC_MSGSEND = YES;
				ENABLE_TESTABILITY = YES;
				GCC_C_LANGUAGE_STANDARD = gnu11;
				GCC_DYNAMIC_NO_PIC = NO;
				GCC_NO_COMMON_BLOCKS = YES;
				GCC_OPTIMIZATION_LEVEL = 0;
				GCC_PREPROCESSOR_DEFINITIONS = (
					"DEBUG=1",
					"$(inherited)",
				);
				GCC_WARN_64_TO_32_BIT_CONVERSION = YES;
				GCC_WARN_ABOUT_RETURN_TYPE = YES_ERROR;
				GCC_WARN_UNDECLARED_SELECTOR = YES;
				GCC_WARN_UNINITIALIZED_AUTOS = YES_AGGRESSIVE;
				GCC_WARN_UNUSED_FUNCTION = YES;
				GCC_WARN_UNUSED_VARIABLE = YES;
				IPHONEOS_DEPLOYMENT_TARGET = 13.0;
				MTL_ENABLE_DEBUG_INFO = INCLUDE_SOURCE;
				MTL_FAST_MATH = YES;
				ONLY_ACTIVE_ARCH = YES;
				SDKROOT = iphoneos;
				SWIFT_ACTIVE_COMPILATION_CONDITIONS = DEBUG;
				SWIFT_OPTIMIZATION_LEVEL = "-Onone";
			};
			name = Debug;
		};
		CC57A03B29E0C18300714B1E /* Release */ = {
			isa = XCBuildConfiguration;
			buildSettings = {
				ALWAYS_SEARCH_USER_PATHS = NO;
				CLANG_ANALYZER_NONNULL = YES;
				CLANG_ANALYZER_NUMBER_OBJECT_CONVERSION = YES_AGGRESSIVE;
				CLANG_CXX_LANGUAGE_STANDARD = "gnu++20";
				CLANG_ENABLE_MODULES = YES;
				CLANG_ENABLE_OBJC_ARC = YES;
				CLANG_ENABLE_OBJC_WEAK = YES;
				CLANG_WARN_BLOCK_CAPTURE_AUTORELEASING = YES;
				CLANG_WARN_BOOL_CONVERSION = YES;
				CLANG_WARN_COMMA = YES;
				CLANG_WARN_CONSTANT_CONVERSION = YES;
				CLANG_WARN_DEPRECATED_OBJC_IMPLEMENTATIONS = YES;
				CLANG_WARN_DIRECT_OBJC_ISA_USAGE = YES_ERROR;
				CLANG_WARN_DOCUMENTATION_COMMENTS = YES;
				CLANG_WARN_EMPTY_BODY = YES;
				CLANG_WARN_ENUM_CONVERSION = YES;
				CLANG_WARN_INFINITE_RECURSION = YES;
				CLANG_WARN_INT_CONVERSION = YES;
				CLANG_WARN_NON_LITERAL_NULL_CONVERSION = YES;
				CLANG_WARN_OBJC_IMPLICIT_RETAIN_SELF = YES;
				CLANG_WARN_OBJC_LITERAL_CONVERSION = YES;
				CLANG_WARN_OBJC_ROOT_CLASS = YES_ERROR;
				CLANG_WARN_QUOTED_INCLUDE_IN_FRAMEWORK_HEADER = YES;
				CLANG_WARN_RANGE_LOOP_ANALYSIS = YES;
				CLANG_WARN_STRICT_PROTOTYPES = YES;
				CLANG_WARN_SUSPICIOUS_MOVE = YES;
				CLANG_WARN_UNGUARDED_AVAILABILITY = YES_AGGRESSIVE;
				CLANG_WARN_UNREACHABLE_CODE = YES;
				CLANG_WARN__DUPLICATE_METHOD_MATCH = YES;
				COPY_PHASE_STRIP = NO;
				DEBUG_INFORMATION_FORMAT = "dwarf-with-dsym";
				ENABLE_NS_ASSERTIONS = NO;
				ENABLE_STRICT_OBJC_MSGSEND = YES;
				GCC_C_LANGUAGE_STANDARD = gnu11;
				GCC_NO_COMMON_BLOCKS = YES;
				GCC_WARN_64_TO_32_BIT_CONVERSION = YES;
				GCC_WARN_ABOUT_RETURN_TYPE = YES_ERROR;
				GCC_WARN_UNDECLARED_SELECTOR = YES;
				GCC_WARN_UNINITIALIZED_AUTOS = YES_AGGRESSIVE;
				GCC_WARN_UNUSED_FUNCTION = YES;
				GCC_WARN_UNUSED_VARIABLE = YES;
				IPHONEOS_DEPLOYMENT_TARGET = 13.0;
				MTL_ENABLE_DEBUG_INFO = NO;
				MTL_FAST_MATH = YES;
				SDKROOT = iphoneos;
				SWIFT_COMPILATION_MODE = wholemodule;
				SWIFT_OPTIMIZATION_LEVEL = "-O";
				VALIDATE_PRODUCT = YES;
			};
			name = Release;
		};
		CC57A03D29E0C18300714B1E /* Debug */ = {
			isa = XCBuildConfiguration;
			baseConfigurationReference = 7C8DFFD14F36902015C1CB00 /* Pods-BankProject.debug.xcconfig */;
			buildSettings = {
				ASSETCATALOG_COMPILER_APPICON_NAME = AppIcon;
				ASSETCATALOG_COMPILER_GLOBAL_ACCENT_COLOR_NAME = AccentColor;
				CODE_SIGN_IDENTITY = "Apple Development";
				CODE_SIGN_STYLE = Automatic;
				CURRENT_PROJECT_VERSION = 1;
				DEVELOPMENT_TEAM = XZU8N95T32;
				GENERATE_INFOPLIST_FILE = YES;
				INFOPLIST_FILE = BankProject/Info.plist;
				INFOPLIST_KEY_UIApplicationSupportsIndirectInputEvents = YES;
				INFOPLIST_KEY_UILaunchStoryboardName = LaunchScreen;
				INFOPLIST_KEY_UIMainStoryboardFile = Main;
				INFOPLIST_KEY_UISupportedInterfaceOrientations_iPad = "UIInterfaceOrientationPortrait UIInterfaceOrientationPortraitUpsideDown UIInterfaceOrientationLandscapeLeft UIInterfaceOrientationLandscapeRight";
				INFOPLIST_KEY_UISupportedInterfaceOrientations_iPhone = "UIInterfaceOrientationPortrait UIInterfaceOrientationLandscapeLeft UIInterfaceOrientationLandscapeRight";
				IPHONEOS_DEPLOYMENT_TARGET = 13.0;
				LD_RUNPATH_SEARCH_PATHS = (
					"$(inherited)",
					"@executable_path/Frameworks",
				);
				MARKETING_VERSION = 1.0;
				PRODUCT_BUNDLE_IDENTIFIER = target.com.tr.BankProject;
				PRODUCT_NAME = "$(TARGET_NAME)";
				PROVISIONING_PROFILE_SPECIFIER = "";
				SWIFT_EMIT_LOC_STRINGS = YES;
				SWIFT_VERSION = 5.0;
				TARGETED_DEVICE_FAMILY = "1,2";
			};
			name = Debug;
		};
		CC57A03E29E0C18300714B1E /* Release */ = {
			isa = XCBuildConfiguration;
			baseConfigurationReference = 6B702A8D1D1980C31186AB24 /* Pods-BankProject.release.xcconfig */;
			buildSettings = {
				ASSETCATALOG_COMPILER_APPICON_NAME = AppIcon;
				ASSETCATALOG_COMPILER_GLOBAL_ACCENT_COLOR_NAME = AccentColor;
				CODE_SIGN_IDENTITY = "Apple Development";
				CODE_SIGN_STYLE = Automatic;
				CURRENT_PROJECT_VERSION = 1;
				DEVELOPMENT_TEAM = XZU8N95T32;
				GENERATE_INFOPLIST_FILE = YES;
				INFOPLIST_FILE = BankProject/Info.plist;
				INFOPLIST_KEY_UIApplicationSupportsIndirectInputEvents = YES;
				INFOPLIST_KEY_UILaunchStoryboardName = LaunchScreen;
				INFOPLIST_KEY_UIMainStoryboardFile = Main;
				INFOPLIST_KEY_UISupportedInterfaceOrientations_iPad = "UIInterfaceOrientationPortrait UIInterfaceOrientationPortraitUpsideDown UIInterfaceOrientationLandscapeLeft UIInterfaceOrientationLandscapeRight";
				INFOPLIST_KEY_UISupportedInterfaceOrientations_iPhone = "UIInterfaceOrientationPortrait UIInterfaceOrientationLandscapeLeft UIInterfaceOrientationLandscapeRight";
				IPHONEOS_DEPLOYMENT_TARGET = 13.0;
				LD_RUNPATH_SEARCH_PATHS = (
					"$(inherited)",
					"@executable_path/Frameworks",
				);
				MARKETING_VERSION = 1.0;
				PRODUCT_BUNDLE_IDENTIFIER = target.com.tr.BankProject;
				PRODUCT_NAME = "$(TARGET_NAME)";
				PROVISIONING_PROFILE_SPECIFIER = "";
				SWIFT_EMIT_LOC_STRINGS = YES;
				SWIFT_VERSION = 5.0;
				TARGETED_DEVICE_FAMILY = "1,2";
			};
			name = Release;
		};
		CC57A04029E0C18300714B1E /* Debug */ = {
			isa = XCBuildConfiguration;
			baseConfigurationReference = FCFDD5B51ADDD4425EB7F1A7 /* Pods-BankProjectTests.debug.xcconfig */;
			buildSettings = {
				ALWAYS_EMBED_SWIFT_STANDARD_LIBRARIES = YES;
				BUNDLE_LOADER = "$(TEST_HOST)";
				CODE_SIGN_IDENTITY = "Apple Development";
				CODE_SIGN_STYLE = Automatic;
				CURRENT_PROJECT_VERSION = 1;
				DEVELOPMENT_TEAM = XZU8N95T32;
				GENERATE_INFOPLIST_FILE = YES;
				IPHONEOS_DEPLOYMENT_TARGET = 13.0;
				MARKETING_VERSION = 1.0;
				PRODUCT_BUNDLE_IDENTIFIER = target.com.tr.BankProjectTests;
				PRODUCT_NAME = "$(TARGET_NAME)";
				PROVISIONING_PROFILE_SPECIFIER = "";
				SWIFT_EMIT_LOC_STRINGS = NO;
				SWIFT_VERSION = 5.0;
				TARGETED_DEVICE_FAMILY = "1,2";
				TEST_HOST = "$(BUILT_PRODUCTS_DIR)/BankProject.app/$(BUNDLE_EXECUTABLE_FOLDER_PATH)/BankProject";
			};
			name = Debug;
		};
		CC57A04129E0C18300714B1E /* Release */ = {
			isa = XCBuildConfiguration;
			baseConfigurationReference = AE80444AF799BD40F2B7AFBA /* Pods-BankProjectTests.release.xcconfig */;
			buildSettings = {
				ALWAYS_EMBED_SWIFT_STANDARD_LIBRARIES = YES;
				BUNDLE_LOADER = "$(TEST_HOST)";
				CODE_SIGN_IDENTITY = "Apple Development";
				CODE_SIGN_STYLE = Automatic;
				CURRENT_PROJECT_VERSION = 1;
				DEVELOPMENT_TEAM = XZU8N95T32;
				GENERATE_INFOPLIST_FILE = YES;
				IPHONEOS_DEPLOYMENT_TARGET = 13.0;
				MARKETING_VERSION = 1.0;
				PRODUCT_BUNDLE_IDENTIFIER = target.com.tr.BankProjectTests;
				PRODUCT_NAME = "$(TARGET_NAME)";
				PROVISIONING_PROFILE_SPECIFIER = "";
				SWIFT_EMIT_LOC_STRINGS = NO;
				SWIFT_VERSION = 5.0;
				TARGETED_DEVICE_FAMILY = "1,2";
				TEST_HOST = "$(BUILT_PRODUCTS_DIR)/BankProject.app/$(BUNDLE_EXECUTABLE_FOLDER_PATH)/BankProject";
			};
			name = Release;
		};
		CC57A04329E0C18300714B1E /* Debug */ = {
			isa = XCBuildConfiguration;
			baseConfigurationReference = 99F5410FCF34C42594BA5175 /* Pods-BankProject-BankProjectUITests.debug.xcconfig */;
			buildSettings = {
				ALWAYS_EMBED_SWIFT_STANDARD_LIBRARIES = YES;
				CODE_SIGN_IDENTITY = "Apple Development";
				CODE_SIGN_STYLE = Automatic;
				CURRENT_PROJECT_VERSION = 1;
				DEVELOPMENT_TEAM = XZU8N95T32;
				GENERATE_INFOPLIST_FILE = YES;
				MARKETING_VERSION = 1.0;
				PRODUCT_BUNDLE_IDENTIFIER = target.com.tr.BankProjectUITests;
				PRODUCT_NAME = "$(TARGET_NAME)";
				PROVISIONING_PROFILE_SPECIFIER = "";
				SWIFT_EMIT_LOC_STRINGS = NO;
				SWIFT_VERSION = 5.0;
				TARGETED_DEVICE_FAMILY = "1,2";
				TEST_TARGET_NAME = BankProject;
			};
			name = Debug;
		};
		CC57A04429E0C18300714B1E /* Release */ = {
			isa = XCBuildConfiguration;
			baseConfigurationReference = 45999EE4343A0BF8E88DEEC9 /* Pods-BankProject-BankProjectUITests.release.xcconfig */;
			buildSettings = {
				ALWAYS_EMBED_SWIFT_STANDARD_LIBRARIES = YES;
				CODE_SIGN_IDENTITY = "Apple Development";
				CODE_SIGN_STYLE = Automatic;
				CURRENT_PROJECT_VERSION = 1;
				DEVELOPMENT_TEAM = XZU8N95T32;
				GENERATE_INFOPLIST_FILE = YES;
				MARKETING_VERSION = 1.0;
				PRODUCT_BUNDLE_IDENTIFIER = target.com.tr.BankProjectUITests;
				PRODUCT_NAME = "$(TARGET_NAME)";
				PROVISIONING_PROFILE_SPECIFIER = "";
				SWIFT_EMIT_LOC_STRINGS = NO;
				SWIFT_VERSION = 5.0;
				TARGETED_DEVICE_FAMILY = "1,2";
				TEST_TARGET_NAME = BankProject;
			};
			name = Release;
		};
/* End XCBuildConfiguration section */

/* Begin XCConfigurationList section */
		CC57A00D29E0C18200714B1E /* Build configuration list for PBXProject "BankProject" */ = {
			isa = XCConfigurationList;
			buildConfigurations = (
				CC57A03A29E0C18300714B1E /* Debug */,
				CC57A03B29E0C18300714B1E /* Release */,
			);
			defaultConfigurationIsVisible = 0;
			defaultConfigurationName = Release;
		};
		CC57A03C29E0C18300714B1E /* Build configuration list for PBXNativeTarget "BankProject" */ = {
			isa = XCConfigurationList;
			buildConfigurations = (
				CC57A03D29E0C18300714B1E /* Debug */,
				CC57A03E29E0C18300714B1E /* Release */,
			);
			defaultConfigurationIsVisible = 0;
			defaultConfigurationName = Release;
		};
		CC57A03F29E0C18300714B1E /* Build configuration list for PBXNativeTarget "BankProjectTests" */ = {
			isa = XCConfigurationList;
			buildConfigurations = (
				CC57A04029E0C18300714B1E /* Debug */,
				CC57A04129E0C18300714B1E /* Release */,
			);
			defaultConfigurationIsVisible = 0;
			defaultConfigurationName = Release;
		};
		CC57A04229E0C18300714B1E /* Build configuration list for PBXNativeTarget "BankProjectUITests" */ = {
			isa = XCConfigurationList;
			buildConfigurations = (
				CC57A04329E0C18300714B1E /* Debug */,
				CC57A04429E0C18300714B1E /* Release */,
			);
			defaultConfigurationIsVisible = 0;
			defaultConfigurationName = Release;
		};
/* End XCConfigurationList section */
	};
	rootObject = CC57A00A29E0C18200714B1E /* Project object */;
}
